prefixes:
  packing: pkg-binary-packing
  slip: pkg-slip
packages:
  pkg-binary-packing:
    url: github.com/mikkeldamsgaard/pkg-binary-packing
    version: 1.0.0
    hash: ed261c992297972f51ba8f682c4292f34b52819b
  pkg-slip:
    url: github.com/mikkeldamsgaard/pkg-slip
    version: 1.0.1
    hash: 51a7ff15b9f481392818651c8256d9e610ccbff4
